
Microsoft Visual Studio Solution File, Format Version 12.00
# Visual Studio 15
Project("{FAE04EC0-301F-11D3-BF4B-00C04F79EFBC}") = "LFSDemo", "LFSDemo\LFSDemo.csproj", "{2B280BA3-5380-4C04-BED0-055EF8308CF4}"
EndProject
Project("{FAE04EC0-301F-11D3-BF4B-00C04F79EFBC}") = "DataPopulator", "DataPopulator\DataPopulator.csproj", "{0BCFDC94-FA8E-47E1-8E8F-9FF58A51E28A}"
EndProject
Project("{FAE04EC0-301F-11D3-BF4B-00C04F79EFBC}") = "Shared", "Shared\Shared.csproj", "{F3E4D974-34DA-4505-923D-AE950D8AF997}"
EndProject
Project("{FAE04EC0-301F-11D3-BF4B-00C04F79EFBC}") = "Realm.LFS", "Realm.LFS\Realm.LFS.csproj", "{3ED9E430-6DDD-4955-B209-DD82BFD861CF}"
EndProject
Project("{FAE04EC0-301F-11D3-BF4B-00C04F79EFBC}") = "Realm.LFS.Azure", "Realm.LFS.Azure\Realm.LFS.Azure.csproj", "{08941D00-3C73-4FBF-AFE7-B302FD855148}"
EndProject
Project("{FAE04EC0-301F-11D3-BF4B-00C04F79EFBC}") = "Realm.LFS.S3", "Realm.LFS.S3\Realm.LFS.S3.csproj", "{320641FC-0596-4D64-97CE-8ACB44F19403}"
EndProject
Project("{FAE04EC0-301F-11D3-BF4B-00C04F79EFBC}") = "Realm.LFS.Functions", "Realm.LFS.Functions\Realm.LFS.Functions.csproj", "{E65811FE-AF53-4946-BDEA-4680E525F4AC}"
EndProject
Global
	GlobalSection(SolutionConfigurationPlatforms) = preSolution
		Debug|iPhoneSimulator = Debug|iPhoneSimulator
		Release|iPhoneSimulator = Release|iPhoneSimulator
		Debug|iPhone = Debug|iPhone
		Release|iPhone = Release|iPhone
	EndGlobalSection
	GlobalSection(ProjectConfigurationPlatforms) = postSolution
		{2B280BA3-5380-4C04-BED0-055EF8308CF4}.Debug|iPhoneSimulator.ActiveCfg = Debug|iPhoneSimulator
		{2B280BA3-5380-4C04-BED0-055EF8308CF4}.Debug|iPhoneSimulator.Build.0 = Debug|iPhoneSimulator
		{2B280BA3-5380-4C04-BED0-055EF8308CF4}.Release|iPhoneSimulator.ActiveCfg = Release|iPhoneSimulator
		{2B280BA3-5380-4C04-BED0-055EF8308CF4}.Release|iPhoneSimulator.Build.0 = Release|iPhoneSimulator
		{2B280BA3-5380-4C04-BED0-055EF8308CF4}.Debug|iPhone.ActiveCfg = Debug|iPhone
		{2B280BA3-5380-4C04-BED0-055EF8308CF4}.Debug|iPhone.Build.0 = Debug|iPhone
		{2B280BA3-5380-4C04-BED0-055EF8308CF4}.Release|iPhone.ActiveCfg = Release|iPhone
		{2B280BA3-5380-4C04-BED0-055EF8308CF4}.Release|iPhone.Build.0 = Release|iPhone
		{0BCFDC94-FA8E-47E1-8E8F-9FF58A51E28A}.Debug|iPhoneSimulator.ActiveCfg = Debug|Any CPU
		{0BCFDC94-FA8E-47E1-8E8F-9FF58A51E28A}.Debug|iPhoneSimulator.Build.0 = Debug|Any CPU
		{0BCFDC94-FA8E-47E1-8E8F-9FF58A51E28A}.Release|iPhoneSimulator.ActiveCfg = Release|Any CPU
		{0BCFDC94-FA8E-47E1-8E8F-9FF58A51E28A}.Release|iPhoneSimulator.Build.0 = Release|Any CPU
		{0BCFDC94-FA8E-47E1-8E8F-9FF58A51E28A}.Debug|iPhone.ActiveCfg = Debug|Any CPU
		{0BCFDC94-FA8E-47E1-8E8F-9FF58A51E28A}.Debug|iPhone.Build.0 = Debug|Any CPU
		{0BCFDC94-FA8E-47E1-8E8F-9FF58A51E28A}.Release|iPhone.ActiveCfg = Release|Any CPU
		{0BCFDC94-FA8E-47E1-8E8F-9FF58A51E28A}.Release|iPhone.Build.0 = Release|Any CPU
		{F3E4D974-34DA-4505-923D-AE950D8AF997}.Debug|iPhoneSimulator.ActiveCfg = Debug|Any CPU
		{F3E4D974-34DA-4505-923D-AE950D8AF997}.Debug|iPhoneSimulator.Build.0 = Debug|Any CPU
		{F3E4D974-34DA-4505-923D-AE950D8AF997}.Release|iPhoneSimulator.ActiveCfg = Release|Any CPU
		{F3E4D974-34DA-4505-923D-AE950D8AF997}.Release|iPhoneSimulator.Build.0 = Release|Any CPU
		{F3E4D974-34DA-4505-923D-AE950D8AF997}.Debug|iPhone.ActiveCfg = Debug|Any CPU
		{F3E4D974-34DA-4505-923D-AE950D8AF997}.Debug|iPhone.Build.0 = Debug|Any CPU
		{F3E4D974-34DA-4505-923D-AE950D8AF997}.Release|iPhone.ActiveCfg = Release|Any CPU
		{F3E4D974-34DA-4505-923D-AE950D8AF997}.Release|iPhone.Build.0 = Release|Any CPU
		{3ED9E430-6DDD-4955-B209-DD82BFD861CF}.Debug|iPhoneSimulator.ActiveCfg = Debug|Any CPU
		{3ED9E430-6DDD-4955-B209-DD82BFD861CF}.Debug|iPhoneSimulator.Build.0 = Debug|Any CPU
		{3ED9E430-6DDD-4955-B209-DD82BFD861CF}.Release|iPhoneSimulator.ActiveCfg = Release|Any CPU
		{3ED9E430-6DDD-4955-B209-DD82BFD861CF}.Release|iPhoneSimulator.Build.0 = Release|Any CPU
		{3ED9E430-6DDD-4955-B209-DD82BFD861CF}.Debug|iPhone.ActiveCfg = Debug|Any CPU
		{3ED9E430-6DDD-4955-B209-DD82BFD861CF}.Debug|iPhone.Build.0 = Debug|Any CPU
		{3ED9E430-6DDD-4955-B209-DD82BFD861CF}.Release|iPhone.ActiveCfg = Release|Any CPU
		{3ED9E430-6DDD-4955-B209-DD82BFD861CF}.Release|iPhone.Build.0 = Release|Any CPU
		{08941D00-3C73-4FBF-AFE7-B302FD855148}.Debug|iPhoneSimulator.ActiveCfg = Debug|Any CPU
		{08941D00-3C73-4FBF-AFE7-B302FD855148}.Debug|iPhoneSimulator.Build.0 = Debug|Any CPU
		{08941D00-3C73-4FBF-AFE7-B302FD855148}.Release|iPhoneSimulator.ActiveCfg = Release|Any CPU
		{08941D00-3C73-4FBF-AFE7-B302FD855148}.Release|iPhoneSimulator.Build.0 = Release|Any CPU
		{08941D00-3C73-4FBF-AFE7-B302FD855148}.Debug|iPhone.ActiveCfg = Debug|Any CPU
		{08941D00-3C73-4FBF-AFE7-B302FD855148}.Debug|iPhone.Build.0 = Debug|Any CPU
		{08941D00-3C73-4FBF-AFE7-B302FD855148}.Release|iPhone.ActiveCfg = Release|Any CPU
		{08941D00-3C73-4FBF-AFE7-B302FD855148}.Release|iPhone.Build.0 = Release|Any CPU
		{320641FC-0596-4D64-97CE-8ACB44F19403}.Debug|iPhoneSimulator.ActiveCfg = Debug|Any CPU
		{320641FC-0596-4D64-97CE-8ACB44F19403}.Debug|iPhoneSimulator.Build.0 = Debug|Any CPU
		{320641FC-0596-4D64-97CE-8ACB44F19403}.Release|iPhoneSimulator.ActiveCfg = Release|Any CPU
		{320641FC-0596-4D64-97CE-8ACB44F19403}.Release|iPhoneSimulator.Build.0 = Release|Any CPU
		{320641FC-0596-4D64-97CE-8ACB44F19403}.Debug|iPhone.ActiveCfg = Debug|Any CPU
		{320641FC-0596-4D64-97CE-8ACB44F19403}.Debug|iPhone.Build.0 = Debug|Any CPU
		{320641FC-0596-4D64-97CE-8ACB44F19403}.Release|iPhone.ActiveCfg = Release|Any CPU
		{320641FC-0596-4D64-97CE-8ACB44F19403}.Release|iPhone.Build.0 = Release|Any CPU
		{E65811FE-AF53-4946-BDEA-4680E525F4AC}.Debug|iPhoneSimulator.ActiveCfg = Debug|Any CPU
		{E65811FE-AF53-4946-BDEA-4680E525F4AC}.Debug|iPhoneSimulator.Build.0 = Debug|Any CPU
		{E65811FE-AF53-4946-BDEA-4680E525F4AC}.Release|iPhoneSimulator.ActiveCfg = Release|Any CPU
		{E65811FE-AF53-4946-BDEA-4680E525F4AC}.Release|iPhoneSimulator.Build.0 = Release|Any CPU
		{E65811FE-AF53-4946-BDEA-4680E525F4AC}.Debug|iPhone.ActiveCfg = Debug|Any CPU
		{E65811FE-AF53-4946-BDEA-4680E525F4AC}.Debug|iPhone.Build.0 = Debug|Any CPU
		{E65811FE-AF53-4946-BDEA-4680E525F4AC}.Release|iPhone.ActiveCfg = Release|Any CPU
		{E65811FE-AF53-4946-BDEA-4680E525F4AC}.Release|iPhone.Build.0 = Release|Any CPU
	EndGlobalSection
EndGlobal
